
Microsoft Visual Studio Solution File, Format Version 12.00
# Visual Studio Version 16
VisualStudioVersion = 25.0.1706.4
MinimumVisualStudioVersion = 10.0.40219.1
Project("{2150E333-8FDC-42A3-9474-1A3956D46DE8}") = "list-1", "list-1", "{4857B59C-9430-44AC-865B-D82F14D852FA}"
EndProject
Project("{FAE04EC0-301F-11D3-BF4B-00C04F79EFBC}") = "example", "example\example.csproj", "{0CC2F3E4-11B0-4887-B680-7CE799127087}"
EndProject
Project("{2150E333-8FDC-42A3-9474-1A3956D46DE8}") = "list-2", "list-2", "{7391C6F1-5D38-4789-8681-D853C2C925E4}"
EndProject
Project("{FAE04EC0-301F-11D3-BF4B-00C04F79EFBC}") = "task-2-1", "task-2-1\task-2-1.csproj", "{287293CD-F3BE-440C-A82C-D27F249D767B}"
EndProject
Project("{FAE04EC0-301F-11D3-BF4B-00C04F79EFBC}") = "task-2-2", "task-2-2\task-2-2.csproj", "{728A4690-0B94-4C26-B414-BBE2B0C702E0}"
EndProject
Project("{FAE04EC0-301F-11D3-BF4B-00C04F79EFBC}") = "task-2-13", "task-2-13\task-2-13.csproj", "{BA8E9DF2-CE0A-475C-A3D2-BCB8D38AF237}"
EndProject
Project("{FAE04EC0-301F-11D3-BF4B-00C04F79EFBC}") = "task-2-12", "task-2-12\task-2-12.csproj", "{AA9E196A-E059-41F1-8E11-46742BE6B251}"
EndProject
Project("{FAE04EC0-301F-11D3-BF4B-00C04F79EFBC}") = "task-2-11", "task-2-11\task-2-11.csproj", "{87312D16-8A86-4C72-9C38-47808B5B8C9B}"
EndProject
Project("{FAE04EC0-301F-11D3-BF4B-00C04F79EFBC}") = "task-2-10", "task-2-10\task-2-10.csproj", "{D0B1D85F-6CD0-4902-A0A9-7143B6D067A5}"
EndProject
Project("{FAE04EC0-301F-11D3-BF4B-00C04F79EFBC}") = "task-2-9", "task-2-9\task-2-9.csproj", "{67867F1D-8AC0-4D5A-B595-AC40EA84741E}"
EndProject
Project("{FAE04EC0-301F-11D3-BF4B-00C04F79EFBC}") = "task-2-8", "task-2-8\task-2-8.csproj", "{660797DF-C660-421B-A6FA-646478483C4A}"
EndProject
Project("{FAE04EC0-301F-11D3-BF4B-00C04F79EFBC}") = "task-2-7", "task-2-7\task-2-7.csproj", "{B4D94ECC-D900-4C3C-911F-B9ABA5354E9D}"
EndProject
Project("{FAE04EC0-301F-11D3-BF4B-00C04F79EFBC}") = "task-2-6", "task-2-6\task-2-6.csproj", "{362D15C0-07B8-433E-A609-3FD4A54A959E}"
EndProject
Project("{FAE04EC0-301F-11D3-BF4B-00C04F79EFBC}") = "task-2-5", "task-2-5\task-2-5.csproj", "{4BF95470-D5EE-47E6-8626-09DE3F6775D3}"
EndProject
Project("{FAE04EC0-301F-11D3-BF4B-00C04F79EFBC}") = "task-2-4", "task-2-4\task-2-4.csproj", "{50F687F6-1152-4D82-AFBE-83C5C2C5BBF2}"
EndProject
Project("{FAE04EC0-301F-11D3-BF4B-00C04F79EFBC}") = "task-2-3", "task-2-3\task-2-3.csproj", "{178BDE93-5C04-401B-B38A-E5697812D87B}"
EndProject
Project("{2150E333-8FDC-42A3-9474-1A3956D46DE8}") = "list-3", "list-3", "{2C0E5DD5-931B-482B-AD3F-6DE7C661C010}"
EndProject
Project("{FAE04EC0-301F-11D3-BF4B-00C04F79EFBC}") = "task-3", "task-3\task-3.csproj", "{F3E74738-B7DF-460A-984A-E334A45004F6}"
EndProject
Project("{FAE04EC0-301F-11D3-BF4B-00C04F79EFBC}") = "task-3-17", "task-3-17\task-3-17.csproj", "{D6A1DF2C-6957-48A9-913C-C4AEBE4D63C1}"
EndProject
Project("{FAE04EC0-301F-11D3-BF4B-00C04F79EFBC}") = "task-3-19", "task-3-19\task-3-19.csproj", "{E32E3403-29D5-44F8-93E6-588B912F8DD0}"
EndProject
Project("{FAE04EC0-301F-11D3-BF4B-00C04F79EFBC}") = "task-3-1", "task-3-1\task-3-1.csproj", "{268443B6-B1CB-4299-A1DF-D2F10CE60B09}"
EndProject
Project("{FAE04EC0-301F-11D3-BF4B-00C04F79EFBC}") = "task-3-2", "task-3-2\task-3-2.csproj", "{FBAAD364-1AC4-4B90-BF2B-1E4EBECECB65}"
EndProject
Project("{FAE04EC0-301F-11D3-BF4B-00C04F79EFBC}") = "task-3-3", "task-3-3\task-3-3.csproj", "{FA5F1535-BF00-4CBE-9004-FC9684FDD632}"
EndProject
Project("{FAE04EC0-301F-11D3-BF4B-00C04F79EFBC}") = "task-3-18", "task-3-18\task-3-18.csproj", "{47B7E617-6A37-4DD8-AE94-5FED557AE390}"
EndProject
Project("{FAE04EC0-301F-11D3-BF4B-00C04F79EFBC}") = "task-3-16", "task-3-16\task-3-16.csproj", "{243F63BE-BB02-486C-8E71-FEA213597BF7}"
EndProject
Project("{FAE04EC0-301F-11D3-BF4B-00C04F79EFBC}") = "task-3-15", "task-3-15\task-3-15.csproj", "{EB42D3B4-7F97-4FD0-A0CF-7A2E29C82674}"
EndProject
Project("{FAE04EC0-301F-11D3-BF4B-00C04F79EFBC}") = "task-3-14", "task-3-14\task-3-14.csproj", "{F0BB6C92-2499-4142-9FB5-AD6472A6099C}"
EndProject
Project("{FAE04EC0-301F-11D3-BF4B-00C04F79EFBC}") = "task-3-13", "task-3-13\task-3-13.csproj", "{85248DF9-5E50-4E0A-8660-CE500E3C226A}"
EndProject
Project("{FAE04EC0-301F-11D3-BF4B-00C04F79EFBC}") = "task-3-12", "task-3-12\task-3-12.csproj", "{FCA00CB3-6D6C-4945-838A-18B8DED3DC89}"
EndProject
Project("{FAE04EC0-301F-11D3-BF4B-00C04F79EFBC}") = "task-3-11", "task-3-11\task-3-11.csproj", "{DB0A97BB-A327-4A02-91BB-9DDD9DFCC161}"
EndProject
Project("{FAE04EC0-301F-11D3-BF4B-00C04F79EFBC}") = "task-3-10", "task-3-10\task-3-10.csproj", "{20415D15-B672-44C2-B0DB-2B019EB4B3B7}"
EndProject
Project("{FAE04EC0-301F-11D3-BF4B-00C04F79EFBC}") = "task-3-9", "task-3-9\task-3-9.csproj", "{FC4A7B13-56BC-4062-8C52-97784C89EB78}"
EndProject
Project("{FAE04EC0-301F-11D3-BF4B-00C04F79EFBC}") = "task-3-8", "task-3-8\task-3-8.csproj", "{8788A48E-C831-4830-BD06-A106BB728FC2}"
EndProject
Project("{FAE04EC0-301F-11D3-BF4B-00C04F79EFBC}") = "task-3-7", "task-3-7\task-3-7.csproj", "{3E475351-990B-4274-AEA4-CD8FDED4D749}"
EndProject
Project("{FAE04EC0-301F-11D3-BF4B-00C04F79EFBC}") = "task-3-6", "task-3-6\task-3-6.csproj", "{B1E2E116-6D54-4935-AE6D-B8B5DE505587}"
EndProject
Project("{FAE04EC0-301F-11D3-BF4B-00C04F79EFBC}") = "task-3-5", "task-3-5\task-3-5.csproj", "{D24CF099-D993-457D-BF00-2523EEF41445}"
EndProject
Project("{FAE04EC0-301F-11D3-BF4B-00C04F79EFBC}") = "task-3-4", "task-3-4\task-3-4.csproj", "{A472AAB0-9B1B-4072-A4D2-01B25171FF66}"
EndProject
Project("{2150E333-8FDC-42A3-9474-1A3956D46DE8}") = "list-4", "list-4", "{D08F37F9-DAC4-48B1-B449-2C72C3243E57}"
EndProject
Project("{FAE04EC0-301F-11D3-BF4B-00C04F79EFBC}") = "task-4-3", "task-4-3\task-4-3.csproj", "{7C8FC2CD-01FC-4A25-A640-66B987A378C9}"
EndProject
Project("{FAE04EC0-301F-11D3-BF4B-00C04F79EFBC}") = "task-4-4", "task-4-4\task-4-4.csproj", "{5184AD33-F1C2-4141-8DF8-200EAC17515D}"
EndProject
Project("{FAE04EC0-301F-11D3-BF4B-00C04F79EFBC}") = "task-4-5", "task-4-5\task-4-5.csproj", "{399A49D4-FF6A-455C-9C9F-29BAD816A1A6}"
EndProject
Project("{FAE04EC0-301F-11D3-BF4B-00C04F79EFBC}") = "task-4-6", "task-4-6\task-4-6.csproj", "{837D3D9C-4396-4187-A35D-5CA9AE274510}"
EndProject
Project("{FAE04EC0-301F-11D3-BF4B-00C04F79EFBC}") = "task-4-7", "task-4-7\task-4-7.csproj", "{A111B3B8-6EFA-4359-B8E2-3366CDBED28C}"
EndProject
Project("{FAE04EC0-301F-11D3-BF4B-00C04F79EFBC}") = "task-4-8", "task-4-8\task-4-8.csproj", "{BB37D8DE-8154-4801-8DE5-E1D9A13BEC10}"
EndProject
Project("{FAE04EC0-301F-11D3-BF4B-00C04F79EFBC}") = "task-4-9", "task-4-9\task-4-9.csproj", "{FC0C4384-299B-46CB-94D1-587AE6F22D95}"
EndProject
Project("{FAE04EC0-301F-11D3-BF4B-00C04F79EFBC}") = "task-4-10", "task-4-10\task-4-10.csproj", "{C44AC451-6698-461F-9CAD-C7F1F9C68AE3}"
EndProject
Project("{FAE04EC0-301F-11D3-BF4B-00C04F79EFBC}") = "task-4-11", "task-4-11\task-4-11.csproj", "{8E589EC3-34BB-4140-8FDB-2A3A06682ED5}"
EndProject
Project("{FAE04EC0-301F-11D3-BF4B-00C04F79EFBC}") = "task-4-12", "task-4-12\task-4-12.csproj", "{6095653B-4096-47EC-A154-8F42C278B11F}"
EndProject
Project("{FAE04EC0-301F-11D3-BF4B-00C04F79EFBC}") = "task-4-13", "task-4-13\task-4-13.csproj", "{9DF60C33-0C0E-4B5B-A96A-0C3DB534A75C}"
EndProject
Project("{FAE04EC0-301F-11D3-BF4B-00C04F79EFBC}") = "task-4-14", "task-4-14\task-4-14.csproj", "{CA9974D4-9CF3-4AA1-BEEC-FA72801BC853}"
EndProject
Project("{FAE04EC0-301F-11D3-BF4B-00C04F79EFBC}") = "task-4-15", "task-4-15\task-4-15.csproj", "{ADB049BE-B09E-4605-BE66-08CDFE5E618C}"
EndProject
Project("{FAE04EC0-301F-11D3-BF4B-00C04F79EFBC}") = "task-4-16", "task-4-16\task-4-16.csproj", "{F42C8315-9D2C-4BEA-A8EA-EA9EE552C620}"
EndProject
Project("{FAE04EC0-301F-11D3-BF4B-00C04F79EFBC}") = "task-4-1", "task-4-1\task-4-1.csproj", "{E0096765-71FA-4A63-897C-08353A440865}"
EndProject
Project("{FAE04EC0-301F-11D3-BF4B-00C04F79EFBC}") = "task-4-2", "task-4-2\task-4-2.csproj", "{D0CC98EF-4C63-4F76-AF28-138C796FC6DA}"
EndProject
Project("{2150E333-8FDC-42A3-9474-1A3956D46DE8}") = "Solution Items", "Solution Items", "{B15EFB77-38EE-456B-A0D0-76414ACAD6C6}"
EndProject
Global
	GlobalSection(SolutionConfigurationPlatforms) = preSolution
		Debug|Any CPU = Debug|Any CPU
		Release|Any CPU = Release|Any CPU
	EndGlobalSection
	GlobalSection(ProjectConfigurationPlatforms) = postSolution
		{0CC2F3E4-11B0-4887-B680-7CE799127087}.Debug|Any CPU.ActiveCfg = Debug|Any CPU
		{0CC2F3E4-11B0-4887-B680-7CE799127087}.Debug|Any CPU.Build.0 = Debug|Any CPU
		{0CC2F3E4-11B0-4887-B680-7CE799127087}.Release|Any CPU.ActiveCfg = Release|Any CPU
		{0CC2F3E4-11B0-4887-B680-7CE799127087}.Release|Any CPU.Build.0 = Release|Any CPU
		{287293CD-F3BE-440C-A82C-D27F249D767B}.Debug|Any CPU.ActiveCfg = Debug|Any CPU
		{287293CD-F3BE-440C-A82C-D27F249D767B}.Debug|Any CPU.Build.0 = Debug|Any CPU
		{287293CD-F3BE-440C-A82C-D27F249D767B}.Release|Any CPU.ActiveCfg = Release|Any CPU
		{287293CD-F3BE-440C-A82C-D27F249D767B}.Release|Any CPU.Build.0 = Release|Any CPU
		{728A4690-0B94-4C26-B414-BBE2B0C702E0}.Debug|Any CPU.ActiveCfg = Debug|Any CPU
		{728A4690-0B94-4C26-B414-BBE2B0C702E0}.Debug|Any CPU.Build.0 = Debug|Any CPU
		{728A4690-0B94-4C26-B414-BBE2B0C702E0}.Release|Any CPU.ActiveCfg = Release|Any CPU
		{728A4690-0B94-4C26-B414-BBE2B0C702E0}.Release|Any CPU.Build.0 = Release|Any CPU
		{BA8E9DF2-CE0A-475C-A3D2-BCB8D38AF237}.Debug|Any CPU.ActiveCfg = Debug|Any CPU
		{BA8E9DF2-CE0A-475C-A3D2-BCB8D38AF237}.Debug|Any CPU.Build.0 = Debug|Any CPU
		{BA8E9DF2-CE0A-475C-A3D2-BCB8D38AF237}.Release|Any CPU.ActiveCfg = Release|Any CPU
		{BA8E9DF2-CE0A-475C-A3D2-BCB8D38AF237}.Release|Any CPU.Build.0 = Release|Any CPU
		{AA9E196A-E059-41F1-8E11-46742BE6B251}.Debug|Any CPU.ActiveCfg = Debug|Any CPU
		{AA9E196A-E059-41F1-8E11-46742BE6B251}.Debug|Any CPU.Build.0 = Debug|Any CPU
		{AA9E196A-E059-41F1-8E11-46742BE6B251}.Release|Any CPU.ActiveCfg = Release|Any CPU
		{AA9E196A-E059-41F1-8E11-46742BE6B251}.Release|Any CPU.Build.0 = Release|Any CPU
		{87312D16-8A86-4C72-9C38-47808B5B8C9B}.Debug|Any CPU.ActiveCfg = Debug|Any CPU
		{87312D16-8A86-4C72-9C38-47808B5B8C9B}.Debug|Any CPU.Build.0 = Debug|Any CPU
		{87312D16-8A86-4C72-9C38-47808B5B8C9B}.Release|Any CPU.ActiveCfg = Release|Any CPU
		{87312D16-8A86-4C72-9C38-47808B5B8C9B}.Release|Any CPU.Build.0 = Release|Any CPU
		{D0B1D85F-6CD0-4902-A0A9-7143B6D067A5}.Debug|Any CPU.ActiveCfg = Debug|Any CPU
		{D0B1D85F-6CD0-4902-A0A9-7143B6D067A5}.Debug|Any CPU.Build.0 = Debug|Any CPU
		{D0B1D85F-6CD0-4902-A0A9-7143B6D067A5}.Release|Any CPU.ActiveCfg = Release|Any CPU
		{D0B1D85F-6CD0-4902-A0A9-7143B6D067A5}.Release|Any CPU.Build.0 = Release|Any CPU
		{67867F1D-8AC0-4D5A-B595-AC40EA84741E}.Debug|Any CPU.ActiveCfg = Debug|Any CPU
		{67867F1D-8AC0-4D5A-B595-AC40EA84741E}.Debug|Any CPU.Build.0 = Debug|Any CPU
		{67867F1D-8AC0-4D5A-B595-AC40EA84741E}.Release|Any CPU.ActiveCfg = Release|Any CPU
		{67867F1D-8AC0-4D5A-B595-AC40EA84741E}.Release|Any CPU.Build.0 = Release|Any CPU
		{660797DF-C660-421B-A6FA-646478483C4A}.Debug|Any CPU.ActiveCfg = Debug|Any CPU
		{660797DF-C660-421B-A6FA-646478483C4A}.Debug|Any CPU.Build.0 = Debug|Any CPU
		{660797DF-C660-421B-A6FA-646478483C4A}.Release|Any CPU.ActiveCfg = Release|Any CPU
		{660797DF-C660-421B-A6FA-646478483C4A}.Release|Any CPU.Build.0 = Release|Any CPU
		{B4D94ECC-D900-4C3C-911F-B9ABA5354E9D}.Debug|Any CPU.ActiveCfg = Debug|Any CPU
		{B4D94ECC-D900-4C3C-911F-B9ABA5354E9D}.Debug|Any CPU.Build.0 = Debug|Any CPU
		{B4D94ECC-D900-4C3C-911F-B9ABA5354E9D}.Release|Any CPU.ActiveCfg = Release|Any CPU
		{B4D94ECC-D900-4C3C-911F-B9ABA5354E9D}.Release|Any CPU.Build.0 = Release|Any CPU
		{362D15C0-07B8-433E-A609-3FD4A54A959E}.Debug|Any CPU.ActiveCfg = Debug|Any CPU
		{362D15C0-07B8-433E-A609-3FD4A54A959E}.Debug|Any CPU.Build.0 = Debug|Any CPU
		{362D15C0-07B8-433E-A609-3FD4A54A959E}.Release|Any CPU.ActiveCfg = Release|Any CPU
		{362D15C0-07B8-433E-A609-3FD4A54A959E}.Release|Any CPU.Build.0 = Release|Any CPU
		{4BF95470-D5EE-47E6-8626-09DE3F6775D3}.Debug|Any CPU.ActiveCfg = Debug|Any CPU
		{4BF95470-D5EE-47E6-8626-09DE3F6775D3}.Debug|Any CPU.Build.0 = Debug|Any CPU
		{4BF95470-D5EE-47E6-8626-09DE3F6775D3}.Release|Any CPU.ActiveCfg = Release|Any CPU
		{4BF95470-D5EE-47E6-8626-09DE3F6775D3}.Release|Any CPU.Build.0 = Release|Any CPU
		{50F687F6-1152-4D82-AFBE-83C5C2C5BBF2}.Debug|Any CPU.ActiveCfg = Debug|Any CPU
		{50F687F6-1152-4D82-AFBE-83C5C2C5BBF2}.Debug|Any CPU.Build.0 = Debug|Any CPU
		{50F687F6-1152-4D82-AFBE-83C5C2C5BBF2}.Release|Any CPU.ActiveCfg = Release|Any CPU
		{50F687F6-1152-4D82-AFBE-83C5C2C5BBF2}.Release|Any CPU.Build.0 = Release|Any CPU
		{178BDE93-5C04-401B-B38A-E5697812D87B}.Debug|Any CPU.ActiveCfg = Debug|Any CPU
		{178BDE93-5C04-401B-B38A-E5697812D87B}.Debug|Any CPU.Build.0 = Debug|Any CPU
		{178BDE93-5C04-401B-B38A-E5697812D87B}.Release|Any CPU.ActiveCfg = Release|Any CPU
		{178BDE93-5C04-401B-B38A-E5697812D87B}.Release|Any CPU.Build.0 = Release|Any CPU
		{F3E74738-B7DF-460A-984A-E334A45004F6}.Debug|Any CPU.ActiveCfg = Debug|Any CPU
		{F3E74738-B7DF-460A-984A-E334A45004F6}.Debug|Any CPU.Build.0 = Debug|Any CPU
		{F3E74738-B7DF-460A-984A-E334A45004F6}.Release|Any CPU.ActiveCfg = Release|Any CPU
		{F3E74738-B7DF-460A-984A-E334A45004F6}.Release|Any CPU.Build.0 = Release|Any CPU
		{D6A1DF2C-6957-48A9-913C-C4AEBE4D63C1}.Debug|Any CPU.ActiveCfg = Debug|Any CPU
		{D6A1DF2C-6957-48A9-913C-C4AEBE4D63C1}.Debug|Any CPU.Build.0 = Debug|Any CPU
		{D6A1DF2C-6957-48A9-913C-C4AEBE4D63C1}.Release|Any CPU.ActiveCfg = Release|Any CPU
		{D6A1DF2C-6957-48A9-913C-C4AEBE4D63C1}.Release|Any CPU.Build.0 = Release|Any CPU
		{E32E3403-29D5-44F8-93E6-588B912F8DD0}.Debug|Any CPU.ActiveCfg = Debug|Any CPU
		{E32E3403-29D5-44F8-93E6-588B912F8DD0}.Debug|Any CPU.Build.0 = Debug|Any CPU
		{E32E3403-29D5-44F8-93E6-588B912F8DD0}.Release|Any CPU.ActiveCfg = Release|Any CPU
		{E32E3403-29D5-44F8-93E6-588B912F8DD0}.Release|Any CPU.Build.0 = Release|Any CPU
		{268443B6-B1CB-4299-A1DF-D2F10CE60B09}.Debug|Any CPU.ActiveCfg = Debug|Any CPU
		{268443B6-B1CB-4299-A1DF-D2F10CE60B09}.Debug|Any CPU.Build.0 = Debug|Any CPU
		{268443B6-B1CB-4299-A1DF-D2F10CE60B09}.Release|Any CPU.ActiveCfg = Release|Any CPU
		{268443B6-B1CB-4299-A1DF-D2F10CE60B09}.Release|Any CPU.Build.0 = Release|Any CPU
		{FBAAD364-1AC4-4B90-BF2B-1E4EBECECB65}.Debug|Any CPU.ActiveCfg = Debug|Any CPU
		{FBAAD364-1AC4-4B90-BF2B-1E4EBECECB65}.Debug|Any CPU.Build.0 = Debug|Any CPU
		{FBAAD364-1AC4-4B90-BF2B-1E4EBECECB65}.Release|Any CPU.ActiveCfg = Release|Any CPU
		{FBAAD364-1AC4-4B90-BF2B-1E4EBECECB65}.Release|Any CPU.Build.0 = Release|Any CPU
		{FA5F1535-BF00-4CBE-9004-FC9684FDD632}.Debug|Any CPU.ActiveCfg = Debug|Any CPU
		{FA5F1535-BF00-4CBE-9004-FC9684FDD632}.Debug|Any CPU.Build.0 = Debug|Any CPU
		{FA5F1535-BF00-4CBE-9004-FC9684FDD632}.Release|Any CPU.ActiveCfg = Release|Any CPU
		{FA5F1535-BF00-4CBE-9004-FC9684FDD632}.Release|Any CPU.Build.0 = Release|Any CPU
		{47B7E617-6A37-4DD8-AE94-5FED557AE390}.Debug|Any CPU.ActiveCfg = Debug|Any CPU
		{47B7E617-6A37-4DD8-AE94-5FED557AE390}.Debug|Any CPU.Build.0 = Debug|Any CPU
		{47B7E617-6A37-4DD8-AE94-5FED557AE390}.Release|Any CPU.ActiveCfg = Release|Any CPU
		{47B7E617-6A37-4DD8-AE94-5FED557AE390}.Release|Any CPU.Build.0 = Release|Any CPU
		{243F63BE-BB02-486C-8E71-FEA213597BF7}.Debug|Any CPU.ActiveCfg = Debug|Any CPU
		{243F63BE-BB02-486C-8E71-FEA213597BF7}.Debug|Any CPU.Build.0 = Debug|Any CPU
		{243F63BE-BB02-486C-8E71-FEA213597BF7}.Release|Any CPU.ActiveCfg = Release|Any CPU
		{243F63BE-BB02-486C-8E71-FEA213597BF7}.Release|Any CPU.Build.0 = Release|Any CPU
		{EB42D3B4-7F97-4FD0-A0CF-7A2E29C82674}.Debug|Any CPU.ActiveCfg = Debug|Any CPU
		{EB42D3B4-7F97-4FD0-A0CF-7A2E29C82674}.Debug|Any CPU.Build.0 = Debug|Any CPU
		{EB42D3B4-7F97-4FD0-A0CF-7A2E29C82674}.Release|Any CPU.ActiveCfg = Release|Any CPU
		{EB42D3B4-7F97-4FD0-A0CF-7A2E29C82674}.Release|Any CPU.Build.0 = Release|Any CPU
		{F0BB6C92-2499-4142-9FB5-AD6472A6099C}.Debug|Any CPU.ActiveCfg = Debug|Any CPU
		{F0BB6C92-2499-4142-9FB5-AD6472A6099C}.Debug|Any CPU.Build.0 = Debug|Any CPU
		{F0BB6C92-2499-4142-9FB5-AD6472A6099C}.Release|Any CPU.ActiveCfg = Release|Any CPU
		{F0BB6C92-2499-4142-9FB5-AD6472A6099C}.Release|Any CPU.Build.0 = Release|Any CPU
		{85248DF9-5E50-4E0A-8660-CE500E3C226A}.Debug|Any CPU.ActiveCfg = Debug|Any CPU
		{85248DF9-5E50-4E0A-8660-CE500E3C226A}.Debug|Any CPU.Build.0 = Debug|Any CPU
		{85248DF9-5E50-4E0A-8660-CE500E3C226A}.Release|Any CPU.ActiveCfg = Release|Any CPU
		{85248DF9-5E50-4E0A-8660-CE500E3C226A}.Release|Any CPU.Build.0 = Release|Any CPU
		{FCA00CB3-6D6C-4945-838A-18B8DED3DC89}.Debug|Any CPU.ActiveCfg = Debug|Any CPU
		{FCA00CB3-6D6C-4945-838A-18B8DED3DC89}.Debug|Any CPU.Build.0 = Debug|Any CPU
		{FCA00CB3-6D6C-4945-838A-18B8DED3DC89}.Release|Any CPU.ActiveCfg = Release|Any CPU
		{FCA00CB3-6D6C-4945-838A-18B8DED3DC89}.Release|Any CPU.Build.0 = Release|Any CPU
		{DB0A97BB-A327-4A02-91BB-9DDD9DFCC161}.Debug|Any CPU.ActiveCfg = Debug|Any CPU
		{DB0A97BB-A327-4A02-91BB-9DDD9DFCC161}.Debug|Any CPU.Build.0 = Debug|Any CPU
		{DB0A97BB-A327-4A02-91BB-9DDD9DFCC161}.Release|Any CPU.ActiveCfg = Release|Any CPU
		{DB0A97BB-A327-4A02-91BB-9DDD9DFCC161}.Release|Any CPU.Build.0 = Release|Any CPU
		{20415D15-B672-44C2-B0DB-2B019EB4B3B7}.Debug|Any CPU.ActiveCfg = Debug|Any CPU
		{20415D15-B672-44C2-B0DB-2B019EB4B3B7}.Debug|Any CPU.Build.0 = Debug|Any CPU
		{20415D15-B672-44C2-B0DB-2B019EB4B3B7}.Release|Any CPU.ActiveCfg = Release|Any CPU
		{20415D15-B672-44C2-B0DB-2B019EB4B3B7}.Release|Any CPU.Build.0 = Release|Any CPU
		{FC4A7B13-56BC-4062-8C52-97784C89EB78}.Debug|Any CPU.ActiveCfg = Debug|Any CPU
		{FC4A7B13-56BC-4062-8C52-97784C89EB78}.Debug|Any CPU.Build.0 = Debug|Any CPU
		{FC4A7B13-56BC-4062-8C52-97784C89EB78}.Release|Any CPU.ActiveCfg = Release|Any CPU
		{FC4A7B13-56BC-4062-8C52-97784C89EB78}.Release|Any CPU.Build.0 = Release|Any CPU
		{8788A48E-C831-4830-BD06-A106BB728FC2}.Debug|Any CPU.ActiveCfg = Debug|Any CPU
		{8788A48E-C831-4830-BD06-A106BB728FC2}.Debug|Any CPU.Build.0 = Debug|Any CPU
		{8788A48E-C831-4830-BD06-A106BB728FC2}.Release|Any CPU.ActiveCfg = Release|Any CPU
		{8788A48E-C831-4830-BD06-A106BB728FC2}.Release|Any CPU.Build.0 = Release|Any CPU
		{3E475351-990B-4274-AEA4-CD8FDED4D749}.Debug|Any CPU.ActiveCfg = Debug|Any CPU
		{3E475351-990B-4274-AEA4-CD8FDED4D749}.Debug|Any CPU.Build.0 = Debug|Any CPU
		{3E475351-990B-4274-AEA4-CD8FDED4D749}.Release|Any CPU.ActiveCfg = Release|Any CPU
		{3E475351-990B-4274-AEA4-CD8FDED4D749}.Release|Any CPU.Build.0 = Release|Any CPU
		{B1E2E116-6D54-4935-AE6D-B8B5DE505587}.Debug|Any CPU.ActiveCfg = Debug|Any CPU
		{B1E2E116-6D54-4935-AE6D-B8B5DE505587}.Debug|Any CPU.Build.0 = Debug|Any CPU
		{B1E2E116-6D54-4935-AE6D-B8B5DE505587}.Release|Any CPU.ActiveCfg = Release|Any CPU
		{B1E2E116-6D54-4935-AE6D-B8B5DE505587}.Release|Any CPU.Build.0 = Release|Any CPU
		{D24CF099-D993-457D-BF00-2523EEF41445}.Debug|Any CPU.ActiveCfg = Debug|Any CPU
		{D24CF099-D993-457D-BF00-2523EEF41445}.Debug|Any CPU.Build.0 = Debug|Any CPU
		{D24CF099-D993-457D-BF00-2523EEF41445}.Release|Any CPU.ActiveCfg = Release|Any CPU
		{D24CF099-D993-457D-BF00-2523EEF41445}.Release|Any CPU.Build.0 = Release|Any CPU
		{A472AAB0-9B1B-4072-A4D2-01B25171FF66}.Debug|Any CPU.ActiveCfg = Debug|Any CPU
		{A472AAB0-9B1B-4072-A4D2-01B25171FF66}.Debug|Any CPU.Build.0 = Debug|Any CPU
		{A472AAB0-9B1B-4072-A4D2-01B25171FF66}.Release|Any CPU.ActiveCfg = Release|Any CPU
		{A472AAB0-9B1B-4072-A4D2-01B25171FF66}.Release|Any CPU.Build.0 = Release|Any CPU
		{7C8FC2CD-01FC-4A25-A640-66B987A378C9}.Debug|Any CPU.ActiveCfg = Debug|Any CPU
		{7C8FC2CD-01FC-4A25-A640-66B987A378C9}.Debug|Any CPU.Build.0 = Debug|Any CPU
		{7C8FC2CD-01FC-4A25-A640-66B987A378C9}.Release|Any CPU.ActiveCfg = Release|Any CPU
		{7C8FC2CD-01FC-4A25-A640-66B987A378C9}.Release|Any CPU.Build.0 = Release|Any CPU
		{5184AD33-F1C2-4141-8DF8-200EAC17515D}.Debug|Any CPU.ActiveCfg = Debug|Any CPU
		{5184AD33-F1C2-4141-8DF8-200EAC17515D}.Debug|Any CPU.Build.0 = Debug|Any CPU
		{5184AD33-F1C2-4141-8DF8-200EAC17515D}.Release|Any CPU.ActiveCfg = Release|Any CPU
		{5184AD33-F1C2-4141-8DF8-200EAC17515D}.Release|Any CPU.Build.0 = Release|Any CPU
		{399A49D4-FF6A-455C-9C9F-29BAD816A1A6}.Debug|Any CPU.ActiveCfg = Debug|Any CPU
		{399A49D4-FF6A-455C-9C9F-29BAD816A1A6}.Debug|Any CPU.Build.0 = Debug|Any CPU
		{399A49D4-FF6A-455C-9C9F-29BAD816A1A6}.Release|Any CPU.ActiveCfg = Release|Any CPU
		{399A49D4-FF6A-455C-9C9F-29BAD816A1A6}.Release|Any CPU.Build.0 = Release|Any CPU
		{837D3D9C-4396-4187-A35D-5CA9AE274510}.Debug|Any CPU.ActiveCfg = Debug|Any CPU
		{837D3D9C-4396-4187-A35D-5CA9AE274510}.Debug|Any CPU.Build.0 = Debug|Any CPU
		{837D3D9C-4396-4187-A35D-5CA9AE274510}.Release|Any CPU.ActiveCfg = Release|Any CPU
		{837D3D9C-4396-4187-A35D-5CA9AE274510}.Release|Any CPU.Build.0 = Release|Any CPU
		{A111B3B8-6EFA-4359-B8E2-3366CDBED28C}.Debug|Any CPU.ActiveCfg = Debug|Any CPU
		{A111B3B8-6EFA-4359-B8E2-3366CDBED28C}.Debug|Any CPU.Build.0 = Debug|Any CPU
		{A111B3B8-6EFA-4359-B8E2-3366CDBED28C}.Release|Any CPU.ActiveCfg = Release|Any CPU
		{A111B3B8-6EFA-4359-B8E2-3366CDBED28C}.Release|Any CPU.Build.0 = Release|Any CPU
		{BB37D8DE-8154-4801-8DE5-E1D9A13BEC10}.Debug|Any CPU.ActiveCfg = Debug|Any CPU
		{BB37D8DE-8154-4801-8DE5-E1D9A13BEC10}.Debug|Any CPU.Build.0 = Debug|Any CPU
		{BB37D8DE-8154-4801-8DE5-E1D9A13BEC10}.Release|Any CPU.ActiveCfg = Release|Any CPU
		{BB37D8DE-8154-4801-8DE5-E1D9A13BEC10}.Release|Any CPU.Build.0 = Release|Any CPU
		{FC0C4384-299B-46CB-94D1-587AE6F22D95}.Debug|Any CPU.ActiveCfg = Debug|Any CPU
		{FC0C4384-299B-46CB-94D1-587AE6F22D95}.Debug|Any CPU.Build.0 = Debug|Any CPU
		{FC0C4384-299B-46CB-94D1-587AE6F22D95}.Release|Any CPU.ActiveCfg = Release|Any CPU
		{FC0C4384-299B-46CB-94D1-587AE6F22D95}.Release|Any CPU.Build.0 = Release|Any CPU
		{C44AC451-6698-461F-9CAD-C7F1F9C68AE3}.Debug|Any CPU.ActiveCfg = Debug|Any CPU
		{C44AC451-6698-461F-9CAD-C7F1F9C68AE3}.Debug|Any CPU.Build.0 = Debug|Any CPU
		{C44AC451-6698-461F-9CAD-C7F1F9C68AE3}.Release|Any CPU.ActiveCfg = Release|Any CPU
		{C44AC451-6698-461F-9CAD-C7F1F9C68AE3}.Release|Any CPU.Build.0 = Release|Any CPU
		{8E589EC3-34BB-4140-8FDB-2A3A06682ED5}.Debug|Any CPU.ActiveCfg = Debug|Any CPU
		{8E589EC3-34BB-4140-8FDB-2A3A06682ED5}.Debug|Any CPU.Build.0 = Debug|Any CPU
		{8E589EC3-34BB-4140-8FDB-2A3A06682ED5}.Release|Any CPU.ActiveCfg = Release|Any CPU
		{8E589EC3-34BB-4140-8FDB-2A3A06682ED5}.Release|Any CPU.Build.0 = Release|Any CPU
		{6095653B-4096-47EC-A154-8F42C278B11F}.Debug|Any CPU.ActiveCfg = Debug|Any CPU
		{6095653B-4096-47EC-A154-8F42C278B11F}.Debug|Any CPU.Build.0 = Debug|Any CPU
		{6095653B-4096-47EC-A154-8F42C278B11F}.Release|Any CPU.ActiveCfg = Release|Any CPU
		{6095653B-4096-47EC-A154-8F42C278B11F}.Release|Any CPU.Build.0 = Release|Any CPU
		{9DF60C33-0C0E-4B5B-A96A-0C3DB534A75C}.Debug|Any CPU.ActiveCfg = Debug|Any CPU
		{9DF60C33-0C0E-4B5B-A96A-0C3DB534A75C}.Debug|Any CPU.Build.0 = Debug|Any CPU
		{9DF60C33-0C0E-4B5B-A96A-0C3DB534A75C}.Release|Any CPU.ActiveCfg = Release|Any CPU
		{9DF60C33-0C0E-4B5B-A96A-0C3DB534A75C}.Release|Any CPU.Build.0 = Release|Any CPU
		{CA9974D4-9CF3-4AA1-BEEC-FA72801BC853}.Debug|Any CPU.ActiveCfg = Debug|Any CPU
		{CA9974D4-9CF3-4AA1-BEEC-FA72801BC853}.Debug|Any CPU.Build.0 = Debug|Any CPU
		{CA9974D4-9CF3-4AA1-BEEC-FA72801BC853}.Release|Any CPU.ActiveCfg = Release|Any CPU
		{CA9974D4-9CF3-4AA1-BEEC-FA72801BC853}.Release|Any CPU.Build.0 = Release|Any CPU
		{ADB049BE-B09E-4605-BE66-08CDFE5E618C}.Debug|Any CPU.ActiveCfg = Debug|Any CPU
		{ADB049BE-B09E-4605-BE66-08CDFE5E618C}.Debug|Any CPU.Build.0 = Debug|Any CPU
		{ADB049BE-B09E-4605-BE66-08CDFE5E618C}.Release|Any CPU.ActiveCfg = Release|Any CPU
		{ADB049BE-B09E-4605-BE66-08CDFE5E618C}.Release|Any CPU.Build.0 = Release|Any CPU
		{F42C8315-9D2C-4BEA-A8EA-EA9EE552C620}.Debug|Any CPU.ActiveCfg = Debug|Any CPU
		{F42C8315-9D2C-4BEA-A8EA-EA9EE552C620}.Debug|Any CPU.Build.0 = Debug|Any CPU
		{F42C8315-9D2C-4BEA-A8EA-EA9EE552C620}.Release|Any CPU.ActiveCfg = Release|Any CPU
		{F42C8315-9D2C-4BEA-A8EA-EA9EE552C620}.Release|Any CPU.Build.0 = Release|Any CPU
		{E0096765-71FA-4A63-897C-08353A440865}.Debug|Any CPU.ActiveCfg = Debug|Any CPU
		{E0096765-71FA-4A63-897C-08353A440865}.Debug|Any CPU.Build.0 = Debug|Any CPU
		{E0096765-71FA-4A63-897C-08353A440865}.Release|Any CPU.ActiveCfg = Release|Any CPU
		{E0096765-71FA-4A63-897C-08353A440865}.Release|Any CPU.Build.0 = Release|Any CPU
		{D0CC98EF-4C63-4F76-AF28-138C796FC6DA}.Debug|Any CPU.ActiveCfg = Debug|Any CPU
		{D0CC98EF-4C63-4F76-AF28-138C796FC6DA}.Debug|Any CPU.Build.0 = Debug|Any CPU
		{D0CC98EF-4C63-4F76-AF28-138C796FC6DA}.Release|Any CPU.ActiveCfg = Release|Any CPU
		{D0CC98EF-4C63-4F76-AF28-138C796FC6DA}.Release|Any CPU.Build.0 = Release|Any CPU
	EndGlobalSection
	GlobalSection(SolutionProperties) = preSolution
		HideSolutionNode = FALSE
	EndGlobalSection
	GlobalSection(ExtensibilityGlobals) = postSolution
		SolutionGuid = {902D4C2A-8195-4F93-93FC-B0367D78A3D6}
	EndGlobalSection
	GlobalSection(NestedProjects) = preSolution
		{0CC2F3E4-11B0-4887-B680-7CE799127087} = {4857B59C-9430-44AC-865B-D82F14D852FA}
		{287293CD-F3BE-440C-A82C-D27F249D767B} = {7391C6F1-5D38-4789-8681-D853C2C925E4}
		{728A4690-0B94-4C26-B414-BBE2B0C702E0} = {7391C6F1-5D38-4789-8681-D853C2C925E4}
		{BA8E9DF2-CE0A-475C-A3D2-BCB8D38AF237} = {7391C6F1-5D38-4789-8681-D853C2C925E4}
		{AA9E196A-E059-41F1-8E11-46742BE6B251} = {7391C6F1-5D38-4789-8681-D853C2C925E4}
		{87312D16-8A86-4C72-9C38-47808B5B8C9B} = {7391C6F1-5D38-4789-8681-D853C2C925E4}
		{D0B1D85F-6CD0-4902-A0A9-7143B6D067A5} = {7391C6F1-5D38-4789-8681-D853C2C925E4}
		{67867F1D-8AC0-4D5A-B595-AC40EA84741E} = {7391C6F1-5D38-4789-8681-D853C2C925E4}
		{660797DF-C660-421B-A6FA-646478483C4A} = {7391C6F1-5D38-4789-8681-D853C2C925E4}
		{B4D94ECC-D900-4C3C-911F-B9ABA5354E9D} = {7391C6F1-5D38-4789-8681-D853C2C925E4}
		{362D15C0-07B8-433E-A609-3FD4A54A959E} = {7391C6F1-5D38-4789-8681-D853C2C925E4}
		{4BF95470-D5EE-47E6-8626-09DE3F6775D3} = {7391C6F1-5D38-4789-8681-D853C2C925E4}
		{50F687F6-1152-4D82-AFBE-83C5C2C5BBF2} = {7391C6F1-5D38-4789-8681-D853C2C925E4}
		{178BDE93-5C04-401B-B38A-E5697812D87B} = {7391C6F1-5D38-4789-8681-D853C2C925E4}
		{F3E74738-B7DF-460A-984A-E334A45004F6} = {2C0E5DD5-931B-482B-AD3F-6DE7C661C010}
		{D6A1DF2C-6957-48A9-913C-C4AEBE4D63C1} = {2C0E5DD5-931B-482B-AD3F-6DE7C661C010}
		{E32E3403-29D5-44F8-93E6-588B912F8DD0} = {2C0E5DD5-931B-482B-AD3F-6DE7C661C010}
		{268443B6-B1CB-4299-A1DF-D2F10CE60B09} = {2C0E5DD5-931B-482B-AD3F-6DE7C661C010}
		{FBAAD364-1AC4-4B90-BF2B-1E4EBECECB65} = {2C0E5DD5-931B-482B-AD3F-6DE7C661C010}
		{FA5F1535-BF00-4CBE-9004-FC9684FDD632} = {2C0E5DD5-931B-482B-AD3F-6DE7C661C010}
		{47B7E617-6A37-4DD8-AE94-5FED557AE390} = {2C0E5DD5-931B-482B-AD3F-6DE7C661C010}
		{243F63BE-BB02-486C-8E71-FEA213597BF7} = {2C0E5DD5-931B-482B-AD3F-6DE7C661C010}
		{EB42D3B4-7F97-4FD0-A0CF-7A2E29C82674} = {2C0E5DD5-931B-482B-AD3F-6DE7C661C010}
		{F0BB6C92-2499-4142-9FB5-AD6472A6099C} = {2C0E5DD5-931B-482B-AD3F-6DE7C661C010}
		{85248DF9-5E50-4E0A-8660-CE500E3C226A} = {2C0E5DD5-931B-482B-AD3F-6DE7C661C010}
		{FCA00CB3-6D6C-4945-838A-18B8DED3DC89} = {2C0E5DD5-931B-482B-AD3F-6DE7C661C010}
		{DB0A97BB-A327-4A02-91BB-9DDD9DFCC161} = {2C0E5DD5-931B-482B-AD3F-6DE7C661C010}
		{20415D15-B672-44C2-B0DB-2B019EB4B3B7} = {2C0E5DD5-931B-482B-AD3F-6DE7C661C010}
		{FC4A7B13-56BC-4062-8C52-97784C89EB78} = {2C0E5DD5-931B-482B-AD3F-6DE7C661C010}
		{8788A48E-C831-4830-BD06-A106BB728FC2} = {2C0E5DD5-931B-482B-AD3F-6DE7C661C010}
		{3E475351-990B-4274-AEA4-CD8FDED4D749} = {2C0E5DD5-931B-482B-AD3F-6DE7C661C010}
		{B1E2E116-6D54-4935-AE6D-B8B5DE505587} = {2C0E5DD5-931B-482B-AD3F-6DE7C661C010}
		{D24CF099-D993-457D-BF00-2523EEF41445} = {2C0E5DD5-931B-482B-AD3F-6DE7C661C010}
		{A472AAB0-9B1B-4072-A4D2-01B25171FF66} = {2C0E5DD5-931B-482B-AD3F-6DE7C661C010}
		{C44AC451-6698-461F-9CAD-C7F1F9C68AE3} = {D08F37F9-DAC4-48B1-B449-2C72C3243E57}
		{8E589EC3-34BB-4140-8FDB-2A3A06682ED5} = {D08F37F9-DAC4-48B1-B449-2C72C3243E57}
		{6095653B-4096-47EC-A154-8F42C278B11F} = {D08F37F9-DAC4-48B1-B449-2C72C3243E57}
		{9DF60C33-0C0E-4B5B-A96A-0C3DB534A75C} = {D08F37F9-DAC4-48B1-B449-2C72C3243E57}
		{CA9974D4-9CF3-4AA1-BEEC-FA72801BC853} = {D08F37F9-DAC4-48B1-B449-2C72C3243E57}
		{ADB049BE-B09E-4605-BE66-08CDFE5E618C} = {D08F37F9-DAC4-48B1-B449-2C72C3243E57}
		{F42C8315-9D2C-4BEA-A8EA-EA9EE552C620} = {D08F37F9-DAC4-48B1-B449-2C72C3243E57}
		{7C8FC2CD-01FC-4A25-A640-66B987A378C9} = {D08F37F9-DAC4-48B1-B449-2C72C3243E57}
		{5184AD33-F1C2-4141-8DF8-200EAC17515D} = {D08F37F9-DAC4-48B1-B449-2C72C3243E57}
		{399A49D4-FF6A-455C-9C9F-29BAD816A1A6} = {D08F37F9-DAC4-48B1-B449-2C72C3243E57}
		{837D3D9C-4396-4187-A35D-5CA9AE274510} = {D08F37F9-DAC4-48B1-B449-2C72C3243E57}
		{A111B3B8-6EFA-4359-B8E2-3366CDBED28C} = {D08F37F9-DAC4-48B1-B449-2C72C3243E57}
		{BB37D8DE-8154-4801-8DE5-E1D9A13BEC10} = {D08F37F9-DAC4-48B1-B449-2C72C3243E57}
		{FC0C4384-299B-46CB-94D1-587AE6F22D95} = {D08F37F9-DAC4-48B1-B449-2C72C3243E57}
		{E0096765-71FA-4A63-897C-08353A440865} = {D08F37F9-DAC4-48B1-B449-2C72C3243E57}
		{D0CC98EF-4C63-4F76-AF28-138C796FC6DA} = {D08F37F9-DAC4-48B1-B449-2C72C3243E57}
	EndGlobalSection
EndGlobal
