
Microsoft Visual Studio Solution File, Format Version 12.00
# Visual Studio Version 16
VisualStudioVersion = 25.0.1706.4
MinimumVisualStudioVersion = 10.0.40219.1
Project("{2150E333-8FDC-42A3-9474-1A3956D46DE8}") = "list-1", "list-1", "{4857B59C-9430-44AC-865B-D82F14D852FA}"
EndProject
Project("{FAE04EC0-301F-11D3-BF4B-00C04F79EFBC}") = "example", "example\example.csproj", "{0CC2F3E4-11B0-4887-B680-7CE799127087}"
EndProject
Project("{2150E333-8FDC-42A3-9474-1A3956D46DE8}") = "list-2", "list-2", "{7391C6F1-5D38-4789-8681-D853C2C925E4}"
EndProject
Project("{FAE04EC0-301F-11D3-BF4B-00C04F79EFBC}") = "task-2-1", "task-2-1\task-2-1.csproj", "{287293CD-F3BE-440C-A82C-D27F249D767B}"
EndProject
Project("{FAE04EC0-301F-11D3-BF4B-00C04F79EFBC}") = "task-2-2", "task-2-2\task-2-2.csproj", "{728A4690-0B94-4C26-B414-BBE2B0C702E0}"
EndProject
Project("{FAE04EC0-301F-11D3-BF4B-00C04F79EFBC}") = "task-2-13", "task-2-13\task-2-13.csproj", "{BA8E9DF2-CE0A-475C-A3D2-BCB8D38AF237}"
EndProject
Project("{FAE04EC0-301F-11D3-BF4B-00C04F79EFBC}") = "task-2-12", "task-2-12\task-2-12.csproj", "{AA9E196A-E059-41F1-8E11-46742BE6B251}"
EndProject
Project("{FAE04EC0-301F-11D3-BF4B-00C04F79EFBC}") = "task-2-11", "task-2-11\task-2-11.csproj", "{87312D16-8A86-4C72-9C38-47808B5B8C9B}"
EndProject
Project("{FAE04EC0-301F-11D3-BF4B-00C04F79EFBC}") = "task-2-10", "task-2-10\task-2-10.csproj", "{D0B1D85F-6CD0-4902-A0A9-7143B6D067A5}"
EndProject
Project("{FAE04EC0-301F-11D3-BF4B-00C04F79EFBC}") = "task-2-9", "task-2-9\task-2-9.csproj", "{67867F1D-8AC0-4D5A-B595-AC40EA84741E}"
EndProject
Project("{FAE04EC0-301F-11D3-BF4B-00C04F79EFBC}") = "task-2-8", "task-2-8\task-2-8.csproj", "{660797DF-C660-421B-A6FA-646478483C4A}"
EndProject
Project("{FAE04EC0-301F-11D3-BF4B-00C04F79EFBC}") = "task-2-7", "task-2-7\task-2-7.csproj", "{B4D94ECC-D900-4C3C-911F-B9ABA5354E9D}"
EndProject
Project("{FAE04EC0-301F-11D3-BF4B-00C04F79EFBC}") = "task-2-6", "task-2-6\task-2-6.csproj", "{362D15C0-07B8-433E-A609-3FD4A54A959E}"
EndProject
Project("{FAE04EC0-301F-11D3-BF4B-00C04F79EFBC}") = "task-2-5", "task-2-5\task-2-5.csproj", "{4BF95470-D5EE-47E6-8626-09DE3F6775D3}"
EndProject
Project("{FAE04EC0-301F-11D3-BF4B-00C04F79EFBC}") = "task-2-4", "task-2-4\task-2-4.csproj", "{50F687F6-1152-4D82-AFBE-83C5C2C5BBF2}"
EndProject
Project("{FAE04EC0-301F-11D3-BF4B-00C04F79EFBC}") = "task-2-3", "task-2-3\task-2-3.csproj", "{178BDE93-5C04-401B-B38A-E5697812D87B}"
EndProject
Global
	GlobalSection(SolutionConfigurationPlatforms) = preSolution
		Debug|Any CPU = Debug|Any CPU
		Release|Any CPU = Release|Any CPU
	EndGlobalSection
	GlobalSection(ProjectConfigurationPlatforms) = postSolution
		{0CC2F3E4-11B0-4887-B680-7CE799127087}.Debug|Any CPU.ActiveCfg = Debug|Any CPU
		{0CC2F3E4-11B0-4887-B680-7CE799127087}.Debug|Any CPU.Build.0 = Debug|Any CPU
		{0CC2F3E4-11B0-4887-B680-7CE799127087}.Release|Any CPU.ActiveCfg = Release|Any CPU
		{0CC2F3E4-11B0-4887-B680-7CE799127087}.Release|Any CPU.Build.0 = Release|Any CPU
		{287293CD-F3BE-440C-A82C-D27F249D767B}.Debug|Any CPU.ActiveCfg = Debug|Any CPU
		{287293CD-F3BE-440C-A82C-D27F249D767B}.Debug|Any CPU.Build.0 = Debug|Any CPU
		{287293CD-F3BE-440C-A82C-D27F249D767B}.Release|Any CPU.ActiveCfg = Release|Any CPU
		{287293CD-F3BE-440C-A82C-D27F249D767B}.Release|Any CPU.Build.0 = Release|Any CPU
		{728A4690-0B94-4C26-B414-BBE2B0C702E0}.Debug|Any CPU.ActiveCfg = Debug|Any CPU
		{728A4690-0B94-4C26-B414-BBE2B0C702E0}.Debug|Any CPU.Build.0 = Debug|Any CPU
		{728A4690-0B94-4C26-B414-BBE2B0C702E0}.Release|Any CPU.ActiveCfg = Release|Any CPU
		{728A4690-0B94-4C26-B414-BBE2B0C702E0}.Release|Any CPU.Build.0 = Release|Any CPU
		{BA8E9DF2-CE0A-475C-A3D2-BCB8D38AF237}.Debug|Any CPU.ActiveCfg = Debug|Any CPU
		{BA8E9DF2-CE0A-475C-A3D2-BCB8D38AF237}.Debug|Any CPU.Build.0 = Debug|Any CPU
		{BA8E9DF2-CE0A-475C-A3D2-BCB8D38AF237}.Release|Any CPU.ActiveCfg = Release|Any CPU
		{BA8E9DF2-CE0A-475C-A3D2-BCB8D38AF237}.Release|Any CPU.Build.0 = Release|Any CPU
		{AA9E196A-E059-41F1-8E11-46742BE6B251}.Debug|Any CPU.ActiveCfg = Debug|Any CPU
		{AA9E196A-E059-41F1-8E11-46742BE6B251}.Debug|Any CPU.Build.0 = Debug|Any CPU
		{AA9E196A-E059-41F1-8E11-46742BE6B251}.Release|Any CPU.ActiveCfg = Release|Any CPU
		{AA9E196A-E059-41F1-8E11-46742BE6B251}.Release|Any CPU.Build.0 = Release|Any CPU
		{87312D16-8A86-4C72-9C38-47808B5B8C9B}.Debug|Any CPU.ActiveCfg = Debug|Any CPU
		{87312D16-8A86-4C72-9C38-47808B5B8C9B}.Debug|Any CPU.Build.0 = Debug|Any CPU
		{87312D16-8A86-4C72-9C38-47808B5B8C9B}.Release|Any CPU.ActiveCfg = Release|Any CPU
		{87312D16-8A86-4C72-9C38-47808B5B8C9B}.Release|Any CPU.Build.0 = Release|Any CPU
		{D0B1D85F-6CD0-4902-A0A9-7143B6D067A5}.Debug|Any CPU.ActiveCfg = Debug|Any CPU
		{D0B1D85F-6CD0-4902-A0A9-7143B6D067A5}.Debug|Any CPU.Build.0 = Debug|Any CPU
		{D0B1D85F-6CD0-4902-A0A9-7143B6D067A5}.Release|Any CPU.ActiveCfg = Release|Any CPU
		{D0B1D85F-6CD0-4902-A0A9-7143B6D067A5}.Release|Any CPU.Build.0 = Release|Any CPU
		{67867F1D-8AC0-4D5A-B595-AC40EA84741E}.Debug|Any CPU.ActiveCfg = Debug|Any CPU
		{67867F1D-8AC0-4D5A-B595-AC40EA84741E}.Debug|Any CPU.Build.0 = Debug|Any CPU
		{67867F1D-8AC0-4D5A-B595-AC40EA84741E}.Release|Any CPU.ActiveCfg = Release|Any CPU
		{67867F1D-8AC0-4D5A-B595-AC40EA84741E}.Release|Any CPU.Build.0 = Release|Any CPU
		{660797DF-C660-421B-A6FA-646478483C4A}.Debug|Any CPU.ActiveCfg = Debug|Any CPU
		{660797DF-C660-421B-A6FA-646478483C4A}.Debug|Any CPU.Build.0 = Debug|Any CPU
		{660797DF-C660-421B-A6FA-646478483C4A}.Release|Any CPU.ActiveCfg = Release|Any CPU
		{660797DF-C660-421B-A6FA-646478483C4A}.Release|Any CPU.Build.0 = Release|Any CPU
		{B4D94ECC-D900-4C3C-911F-B9ABA5354E9D}.Debug|Any CPU.ActiveCfg = Debug|Any CPU
		{B4D94ECC-D900-4C3C-911F-B9ABA5354E9D}.Debug|Any CPU.Build.0 = Debug|Any CPU
		{B4D94ECC-D900-4C3C-911F-B9ABA5354E9D}.Release|Any CPU.ActiveCfg = Release|Any CPU
		{B4D94ECC-D900-4C3C-911F-B9ABA5354E9D}.Release|Any CPU.Build.0 = Release|Any CPU
		{362D15C0-07B8-433E-A609-3FD4A54A959E}.Debug|Any CPU.ActiveCfg = Debug|Any CPU
		{362D15C0-07B8-433E-A609-3FD4A54A959E}.Debug|Any CPU.Build.0 = Debug|Any CPU
		{362D15C0-07B8-433E-A609-3FD4A54A959E}.Release|Any CPU.ActiveCfg = Release|Any CPU
		{362D15C0-07B8-433E-A609-3FD4A54A959E}.Release|Any CPU.Build.0 = Release|Any CPU
		{4BF95470-D5EE-47E6-8626-09DE3F6775D3}.Debug|Any CPU.ActiveCfg = Debug|Any CPU
		{4BF95470-D5EE-47E6-8626-09DE3F6775D3}.Debug|Any CPU.Build.0 = Debug|Any CPU
		{4BF95470-D5EE-47E6-8626-09DE3F6775D3}.Release|Any CPU.ActiveCfg = Release|Any CPU
		{4BF95470-D5EE-47E6-8626-09DE3F6775D3}.Release|Any CPU.Build.0 = Release|Any CPU
		{50F687F6-1152-4D82-AFBE-83C5C2C5BBF2}.Debug|Any CPU.ActiveCfg = Debug|Any CPU
		{50F687F6-1152-4D82-AFBE-83C5C2C5BBF2}.Debug|Any CPU.Build.0 = Debug|Any CPU
		{50F687F6-1152-4D82-AFBE-83C5C2C5BBF2}.Release|Any CPU.ActiveCfg = Release|Any CPU
		{50F687F6-1152-4D82-AFBE-83C5C2C5BBF2}.Release|Any CPU.Build.0 = Release|Any CPU
		{178BDE93-5C04-401B-B38A-E5697812D87B}.Debug|Any CPU.ActiveCfg = Debug|Any CPU
		{178BDE93-5C04-401B-B38A-E5697812D87B}.Debug|Any CPU.Build.0 = Debug|Any CPU
		{178BDE93-5C04-401B-B38A-E5697812D87B}.Release|Any CPU.ActiveCfg = Release|Any CPU
		{178BDE93-5C04-401B-B38A-E5697812D87B}.Release|Any CPU.Build.0 = Release|Any CPU
	EndGlobalSection
	GlobalSection(SolutionProperties) = preSolution
		HideSolutionNode = FALSE
	EndGlobalSection
	GlobalSection(ExtensibilityGlobals) = postSolution
		SolutionGuid = {902D4C2A-8195-4F93-93FC-B0367D78A3D6}
	EndGlobalSection
	GlobalSection(NestedProjects) = preSolution
		{0CC2F3E4-11B0-4887-B680-7CE799127087} = {4857B59C-9430-44AC-865B-D82F14D852FA}
		{287293CD-F3BE-440C-A82C-D27F249D767B} = {7391C6F1-5D38-4789-8681-D853C2C925E4}
		{728A4690-0B94-4C26-B414-BBE2B0C702E0} = {7391C6F1-5D38-4789-8681-D853C2C925E4}
		{BA8E9DF2-CE0A-475C-A3D2-BCB8D38AF237} = {7391C6F1-5D38-4789-8681-D853C2C925E4}
		{AA9E196A-E059-41F1-8E11-46742BE6B251} = {7391C6F1-5D38-4789-8681-D853C2C925E4}
		{87312D16-8A86-4C72-9C38-47808B5B8C9B} = {7391C6F1-5D38-4789-8681-D853C2C925E4}
		{D0B1D85F-6CD0-4902-A0A9-7143B6D067A5} = {7391C6F1-5D38-4789-8681-D853C2C925E4}
		{67867F1D-8AC0-4D5A-B595-AC40EA84741E} = {7391C6F1-5D38-4789-8681-D853C2C925E4}
		{660797DF-C660-421B-A6FA-646478483C4A} = {7391C6F1-5D38-4789-8681-D853C2C925E4}
		{B4D94ECC-D900-4C3C-911F-B9ABA5354E9D} = {7391C6F1-5D38-4789-8681-D853C2C925E4}
		{362D15C0-07B8-433E-A609-3FD4A54A959E} = {7391C6F1-5D38-4789-8681-D853C2C925E4}
		{4BF95470-D5EE-47E6-8626-09DE3F6775D3} = {7391C6F1-5D38-4789-8681-D853C2C925E4}
		{50F687F6-1152-4D82-AFBE-83C5C2C5BBF2} = {7391C6F1-5D38-4789-8681-D853C2C925E4}
		{178BDE93-5C04-401B-B38A-E5697812D87B} = {7391C6F1-5D38-4789-8681-D853C2C925E4}
	EndGlobalSection
EndGlobal
